{
  "name": "Keychain-bruteforce",
  "lockfileVersion": 2,
  "requires": true,
  "packages": {
    "": {
      "dependencies": {
        "bruteforce": "^0.0.2"
      }
    },
    "node_modules/bruteforce": {
      "version": "0.0.2",
      "resolved": "https://registry.npmjs.org/bruteforce/-/bruteforce-0.0.2.tgz",
      "integrity": "sha512-uyEgaU4QIimMA/ZvA/yw/NGFtI3Asl0woZ+tJmd48Fuwn/jIZtfOLBiWKNicMxF8/L75yAx3IfnVNcLOyC+Row=="
    }
  },
  "dependencies": {
    "bruteforce": {
      "version": "0.0.2",
      "resolved": "https://registry.npmjs.org/bruteforce/-/bruteforce-0.0.2.tgz",
      "integrity": "sha512-uyEgaU4QIimMA/ZvA/yw/NGFtI3Asl0woZ+tJmd48Fuwn/jIZtfOLBiWKNicMxF8/L75yAx3IfnVNcLOyC+Row=="
    }
  }
}
